
Microsoft Visual Studio Solution File, Format Version 12.00
# Visual Studio Version 17
VisualStudioVersion = 17.11.35222.181
MinimumVisualStudioVersion = 10.0.40219.1
Project("{2150E333-8FDC-42A3-9474-1A3956D46DE8}") = "Services", "Services", "{813FAD46-E9D4-4985-A412-23D079BF8B6E}"
EndProject
Project("{2150E333-8FDC-42A3-9474-1A3956D46DE8}") = "Catalog", "Catalog", "{B6AEF689-D38F-49E9-B591-810456005264}"
EndProject
Project("{9A19103F-16F7-4668-BE54-9A1E7A4F7556}") = "CatalogAPI", "Services\Catalog\CatalogAPI\CatalogAPI.csproj", "{7771F034-EF88-4CBD-BC3A-2F9101040A10}"
EndProject
Project("{2150E333-8FDC-42A3-9474-1A3956D46DE8}") = "BuildingBlocks", "BuildingBlocks", "{8CF02B69-C5B1-4C6E-A4EA-4458C3180762}"
EndProject
Project("{9A19103F-16F7-4668-BE54-9A1E7A4F7556}") = "BuildingBlocks", "BuildingBlocks\BuildingBlocks\BuildingBlocks.csproj", "{4EBB01D8-E7C0-4362-A2C7-7AE522C98009}"
EndProject
Project("{E53339B2-1760-4266-BCC7-CA923CBCF16C}") = "docker-compose", "docker-compose.dcproj", "{D7E53016-7ED8-4845-93DA-F2FB94DFE4AD}"
EndProject
Project("{2150E333-8FDC-42A3-9474-1A3956D46DE8}") = "Basket", "Basket", "{C82FE611-5EEE-4D47-8E63-2795333292DF}"
EndProject
Project("{9A19103F-16F7-4668-BE54-9A1E7A4F7556}") = "BasketAPI", "Services\Basket\BasketAPI\BasketAPI.csproj", "{B3DCA298-A914-400F-80D1-36A6F3455C5E}"
EndProject
Project("{2150E333-8FDC-42A3-9474-1A3956D46DE8}") = "Discount", "Discount", "{72CDBAC7-0081-43A3-87BC-A81161C93F9F}"
EndProject
Project("{9A19103F-16F7-4668-BE54-9A1E7A4F7556}") = "DiscountGrpc", "Services\Discount\DiscountGrpc\DiscountGrpc.csproj", "{D4B3FE1D-E04E-41CE-B182-648930A87C3A}"
EndProject
Project("{2150E333-8FDC-42A3-9474-1A3956D46DE8}") = "Ordering", "Ordering", "{0FF67E17-6814-486F-99EA-955818B35D5D}"
EndProject
Project("{FAE04EC0-301F-11D3-BF4B-00C04F79EFBC}") = "Ordering.API", "Services\Ordering\OrderingAPI\Ordering.API.csproj", "{C170F78B-B917-4885-A0E6-4CFA5C34F200}"
EndProject
Project("{FAE04EC0-301F-11D3-BF4B-00C04F79EFBC}") = "Ordering.Domain", "Services\Ordering\Ordering.Domain\Ordering.Domain.csproj", "{6D8A712C-23A5-4A8E-ACC6-E8ED12D09324}"
EndProject
Project("{FAE04EC0-301F-11D3-BF4B-00C04F79EFBC}") = "Ordering.Infrastructure", "Services\Ordering\Ordering.Infrastructure\Ordering.Infrastructure.csproj", "{A51B3B64-08D0-4159-B6EC-A3935F4C3485}"
EndProject
Project("{FAE04EC0-301F-11D3-BF4B-00C04F79EFBC}") = "Ordering.Application", "Services\Ordering\Ordering.Application\Ordering.Application.csproj", "{BB423B6C-878B-4D91-BD34-ECDA7CB9BB06}"
EndProject
Global
	GlobalSection(SolutionConfigurationPlatforms) = preSolution
		Debug|Any CPU = Debug|Any CPU
		Release|Any CPU = Release|Any CPU
	EndGlobalSection
	GlobalSection(ProjectConfigurationPlatforms) = postSolution
		{7771F034-EF88-4CBD-BC3A-2F9101040A10}.Debug|Any CPU.ActiveCfg = Debug|Any CPU
		{7771F034-EF88-4CBD-BC3A-2F9101040A10}.Debug|Any CPU.Build.0 = Debug|Any CPU
		{7771F034-EF88-4CBD-BC3A-2F9101040A10}.Release|Any CPU.ActiveCfg = Release|Any CPU
		{7771F034-EF88-4CBD-BC3A-2F9101040A10}.Release|Any CPU.Build.0 = Release|Any CPU
		{4EBB01D8-E7C0-4362-A2C7-7AE522C98009}.Debug|Any CPU.ActiveCfg = Debug|Any CPU
		{4EBB01D8-E7C0-4362-A2C7-7AE522C98009}.Debug|Any CPU.Build.0 = Debug|Any CPU
		{4EBB01D8-E7C0-4362-A2C7-7AE522C98009}.Release|Any CPU.ActiveCfg = Release|Any CPU
		{4EBB01D8-E7C0-4362-A2C7-7AE522C98009}.Release|Any CPU.Build.0 = Release|Any CPU
		{D7E53016-7ED8-4845-93DA-F2FB94DFE4AD}.Debug|Any CPU.ActiveCfg = Debug|Any CPU
		{D7E53016-7ED8-4845-93DA-F2FB94DFE4AD}.Debug|Any CPU.Build.0 = Debug|Any CPU
		{D7E53016-7ED8-4845-93DA-F2FB94DFE4AD}.Release|Any CPU.ActiveCfg = Release|Any CPU
		{D7E53016-7ED8-4845-93DA-F2FB94DFE4AD}.Release|Any CPU.Build.0 = Release|Any CPU
		{B3DCA298-A914-400F-80D1-36A6F3455C5E}.Debug|Any CPU.ActiveCfg = Debug|Any CPU
		{B3DCA298-A914-400F-80D1-36A6F3455C5E}.Debug|Any CPU.Build.0 = Debug|Any CPU
		{B3DCA298-A914-400F-80D1-36A6F3455C5E}.Release|Any CPU.ActiveCfg = Release|Any CPU
		{B3DCA298-A914-400F-80D1-36A6F3455C5E}.Release|Any CPU.Build.0 = Release|Any CPU
		{D4B3FE1D-E04E-41CE-B182-648930A87C3A}.Debug|Any CPU.ActiveCfg = Debug|Any CPU
		{D4B3FE1D-E04E-41CE-B182-648930A87C3A}.Debug|Any CPU.Build.0 = Debug|Any CPU
		{D4B3FE1D-E04E-41CE-B182-648930A87C3A}.Release|Any CPU.ActiveCfg = Release|Any CPU
		{D4B3FE1D-E04E-41CE-B182-648930A87C3A}.Release|Any CPU.Build.0 = Release|Any CPU
		{C170F78B-B917-4885-A0E6-4CFA5C34F200}.Debug|Any CPU.ActiveCfg = Debug|Any CPU
		{C170F78B-B917-4885-A0E6-4CFA5C34F200}.Debug|Any CPU.Build.0 = Debug|Any CPU
		{C170F78B-B917-4885-A0E6-4CFA5C34F200}.Release|Any CPU.ActiveCfg = Release|Any CPU
		{C170F78B-B917-4885-A0E6-4CFA5C34F200}.Release|Any CPU.Build.0 = Release|Any CPU
		{6D8A712C-23A5-4A8E-ACC6-E8ED12D09324}.Debug|Any CPU.ActiveCfg = Debug|Any CPU
		{6D8A712C-23A5-4A8E-ACC6-E8ED12D09324}.Debug|Any CPU.Build.0 = Debug|Any CPU
		{6D8A712C-23A5-4A8E-ACC6-E8ED12D09324}.Release|Any CPU.ActiveCfg = Release|Any CPU
		{6D8A712C-23A5-4A8E-ACC6-E8ED12D09324}.Release|Any CPU.Build.0 = Release|Any CPU
		{A51B3B64-08D0-4159-B6EC-A3935F4C3485}.Debug|Any CPU.ActiveCfg = Debug|Any CPU
		{A51B3B64-08D0-4159-B6EC-A3935F4C3485}.Debug|Any CPU.Build.0 = Debug|Any CPU
		{A51B3B64-08D0-4159-B6EC-A3935F4C3485}.Release|Any CPU.ActiveCfg = Release|Any CPU
		{A51B3B64-08D0-4159-B6EC-A3935F4C3485}.Release|Any CPU.Build.0 = Release|Any CPU
		{BB423B6C-878B-4D91-BD34-ECDA7CB9BB06}.Debug|Any CPU.ActiveCfg = Debug|Any CPU
		{BB423B6C-878B-4D91-BD34-ECDA7CB9BB06}.Debug|Any CPU.Build.0 = Debug|Any CPU
		{BB423B6C-878B-4D91-BD34-ECDA7CB9BB06}.Release|Any CPU.ActiveCfg = Release|Any CPU
		{BB423B6C-878B-4D91-BD34-ECDA7CB9BB06}.Release|Any CPU.Build.0 = Release|Any CPU
	EndGlobalSection
	GlobalSection(SolutionProperties) = preSolution
		HideSolutionNode = FALSE
	EndGlobalSection
	GlobalSection(NestedProjects) = preSolution
		{B6AEF689-D38F-49E9-B591-810456005264} = {813FAD46-E9D4-4985-A412-23D079BF8B6E}
		{7771F034-EF88-4CBD-BC3A-2F9101040A10} = {B6AEF689-D38F-49E9-B591-810456005264}
		{4EBB01D8-E7C0-4362-A2C7-7AE522C98009} = {8CF02B69-C5B1-4C6E-A4EA-4458C3180762}
		{C82FE611-5EEE-4D47-8E63-2795333292DF} = {813FAD46-E9D4-4985-A412-23D079BF8B6E}
		{B3DCA298-A914-400F-80D1-36A6F3455C5E} = {C82FE611-5EEE-4D47-8E63-2795333292DF}
		{72CDBAC7-0081-43A3-87BC-A81161C93F9F} = {813FAD46-E9D4-4985-A412-23D079BF8B6E}
		{D4B3FE1D-E04E-41CE-B182-648930A87C3A} = {72CDBAC7-0081-43A3-87BC-A81161C93F9F}
		{0FF67E17-6814-486F-99EA-955818B35D5D} = {813FAD46-E9D4-4985-A412-23D079BF8B6E}
		{C170F78B-B917-4885-A0E6-4CFA5C34F200} = {0FF67E17-6814-486F-99EA-955818B35D5D}
		{6D8A712C-23A5-4A8E-ACC6-E8ED12D09324} = {0FF67E17-6814-486F-99EA-955818B35D5D}
		{A51B3B64-08D0-4159-B6EC-A3935F4C3485} = {0FF67E17-6814-486F-99EA-955818B35D5D}
		{BB423B6C-878B-4D91-BD34-ECDA7CB9BB06} = {0FF67E17-6814-486F-99EA-955818B35D5D}
	EndGlobalSection
	GlobalSection(ExtensibilityGlobals) = postSolution
		SolutionGuid = {F4B81241-5643-4D55-887B-101F560BFDD1}
	EndGlobalSection
EndGlobal
